PODS:
  - connectivity_plus (0.0.1):
    - Flutter
    - FlutterMacOS
  - device_info_plus (0.0.1):
    - Flutter
  - Firebase/CoreOnly (11.4.0):
    - FirebaseCore (= 11.4.0)
  - Firebase/Storage (11.4.0):
    - Firebase/CoreOnly
    - FirebaseStorage (~> 11.4.0)
  - firebase_core (3.8.1):
    - Firebase/CoreOnly (= 11.4.0)
    - Flutter
  - firebase_storage (12.3.7):
    - Firebase/Storage (= 11.4.0)
    - firebase_core
    - Flutter
  - FirebaseAppCheckInterop (11.7.0)
  - FirebaseAuthInterop (11.7.0)
  - FirebaseCore (11.4.0):
    - FirebaseCoreInternal (~> 11.0)
    - GoogleUtilities/Environment (~> 8.0)
    - GoogleUtilities/Logger (~> 8.0)
  - FirebaseCoreExtension (11.4.1):
    - FirebaseCore (~> 11.0)
  - FirebaseCoreInternal (11.7.0):
    - "GoogleUtilities/NSData+zlib (~> 8.0)"
  - FirebaseStorage (11.4.0):
    - FirebaseAppCheckInterop (~> 11.0)
    - FirebaseAuthInterop (~> 11.0)
    - FirebaseCore (~> 11.4)
    - FirebaseCoreExtension (~> 11.4)
    - GoogleUtilities/Environment (~> 8.0)
    - GTMSessionFetcher/Core (< 5.0, >= 3.4)
  - Flutter (1.0.0)
  - flutter_nearby_connections (0.0.1):
    - Flutter
    - SwiftyJSON (~> 4.0)
  - flutter_webrtc (0.9.36):
    - Flutter
    - WebRTC-SDK (= 114.5735.08)
  - GoogleUtilities/Environment (8.0.2):
    - GoogleUtilities/Privacy
  - GoogleUtilities/Logger (8.0.2):
    - GoogleUtilities/Environment
    - GoogleUtilities/Privacy
  - "GoogleUtilities/NSData+zlib (8.0.2)":
    - GoogleUtilities/Privacy
  - GoogleUtilities/Privacy (8.0.2)
  - GTMSessionFetcher/Core (4.2.0)
  - image_picker_ios (0.0.1):
    - Flutter
  - open_file_ios (0.0.1):
    - Flutter
  - path_provider_foundation (0.0.1):
    - Flutter
    - FlutterMacOS
  - permission_handler_apple (9.3.0):
    - Flutter
  - photo_manager (2.0.0):
    - Flutter
    - FlutterMacOS
  - share_plus (0.0.1):
    - Flutter
  - shared_preferences_foundation (0.0.1):
    - Flutter
    - FlutterMacOS
  - SwiftyJSON (4.3.0)
  - url_launcher_ios (0.0.1):
    - Flutter
  - WebRTC-SDK (114.5735.08)

DEPENDENCIES:
  - connectivity_plus (from `.symlinks/plugins/connectivity_plus/darwin`)
  - device_info_plus (from `.symlinks/plugins/device_info_plus/ios`)
  - firebase_core (from `.symlinks/plugins/firebase_core/ios`)
  - firebase_storage (from `.symlinks/plugins/firebase_storage/ios`)
  - Flutter (from `Flutter`)
  - flutter_nearby_connections (from `.symlinks/plugins/flutter_nearby_connections/ios`)
  - flutter_webrtc (from `.symlinks/plugins/flutter_webrtc/ios`)
  - image_picker_ios (from `.symlinks/plugins/image_picker_ios/ios`)
  - open_file_ios (from `.symlinks/plugins/open_file_ios/ios`)
  - path_provider_foundation (from `.symlinks/plugins/path_provider_foundation/darwin`)
  - permission_handler_apple (from `.symlinks/plugins/permission_handler_apple/ios`)
  - photo_manager (from `.symlinks/plugins/photo_manager/ios`)
  - share_plus (from `.symlinks/plugins/share_plus/ios`)
  - shared_preferences_foundation (from `.symlinks/plugins/shared_preferences_foundation/darwin`)
  - url_launcher_ios (from `.symlinks/plugins/url_launcher_ios/ios`)

SPEC REPOS:
  trunk:
    - Firebase
    - FirebaseAppCheckInterop
    - FirebaseAuthInterop
    - FirebaseCore
    - FirebaseCoreExtension
    - FirebaseCoreInternal
    - FirebaseStorage
    - GoogleUtilities
    - GTMSessionFetcher
    - SwiftyJSON
    - WebRTC-SDK

EXTERNAL SOURCES:
  connectivity_plus:
    :path: ".symlinks/plugins/connectivity_plus/darwin"
  device_info_plus:
    :path: ".symlinks/plugins/device_info_plus/ios"
  firebase_core:
    :path: ".symlinks/plugins/firebase_core/ios"
  firebase_storage:
    :path: ".symlinks/plugins/firebase_storage/ios"
  Flutter:
    :path: Flutter
  flutter_nearby_connections:
    :path: ".symlinks/plugins/flutter_nearby_connections/ios"
  flutter_webrtc:
    :path: ".symlinks/plugins/flutter_webrtc/ios"
  image_picker_ios:
    :path: ".symlinks/plugins/image_picker_ios/ios"
  open_file_ios:
    :path: ".symlinks/plugins/open_file_ios/ios"
  path_provider_foundation:
    :path: ".symlinks/plugins/path_provider_foundation/darwin"
  permission_handler_apple:
    :path: ".symlinks/plugins/permission_handler_apple/ios"
  photo_manager:
    :path: ".symlinks/plugins/photo_manager/ios"
  share_plus:
    :path: ".symlinks/plugins/share_plus/ios"
  shared_preferences_foundation:
    :path: ".symlinks/plugins/shared_preferences_foundation/darwin"
  url_launcher_ios:
    :path: ".symlinks/plugins/url_launcher_ios/ios"

SPEC CHECKSUMS:
  connectivity_plus: 18382e7311ba19efcaee94442b23b32507b20695
  device_info_plus: bf2e3232933866d73fe290f2942f2156cdd10342
  Firebase: cf1b19f21410b029b6786a54e9764a0cacad3c99
  firebase_core: 418aed674e9a0b8b6088aec16cde82a811f6261f
  firebase_storage: 8826dc971e5029b48826613f7265952e55191585
  FirebaseAppCheckInterop: 2376d3ec5cb4267facad4fe754ab4f301a5a519b
  FirebaseAuthInterop: a6973d72aa242ea88ffb6be9c9b06c65455071da
  FirebaseCore: e0510f1523bc0eb21653cac00792e1e2bd6f1771
  FirebaseCoreExtension: f1bc67a4702931a7caa097d8e4ac0a1b0d16720e
  FirebaseCoreInternal: d6c17dafc8dc33614733a8b52df78fcb4394c881
  FirebaseStorage: 1bf8f80ac3bb02c72844b7350e95e10be7113ef0
  Flutter: e0871f40cf51350855a761d2e70bf5af5b9b5de7
  flutter_nearby_connections: 68c6cb88dcbf781e74adac01f4e93b853a30ee34
  flutter_webrtc: 55df3aaa802114dad390191a46c2c8d535751268
  GoogleUtilities: 26a3abef001b6533cf678d3eb38fd3f614b7872d
  GTMSessionFetcher: 4cb0aa086996858328a1fca61f9bfe81cfdfdfa9
  image_picker_ios: c560581cceedb403a6ff17f2f816d7fea1421fc1
  open_file_ios: 461db5853723763573e140de3193656f91990d9e
  path_provider_foundation: 2b6b4c569c0fb62ec74538f866245ac84301af46
  permission_handler_apple: 9878588469a2b0d0fc1e048d9f43605f92e6cec2
  photo_manager: ff695c7a1dd5bc379974953a2b5c0a293f7c4c8a
  share_plus: 8b6f8b3447e494cca5317c8c3073de39b3600d1f
  shared_preferences_foundation: fcdcbc04712aee1108ac7fda236f363274528f78
  SwiftyJSON: 6faa0040f8b59dead0ee07436cbf76b73c08fd08
  url_launcher_ios: 5334b05cef931de560670eeae103fd3e431ac3fe
  WebRTC-SDK: c24d2a6c9f571f2ed42297cb8ffba9557093142b

PODFILE CHECKSUM: 5e74b24de8da7d2d6e820a3ebcbccd5253b7bcb9

COCOAPODS: 1.16.2
